
Microsoft Visual Studio Solution File, Format Version 12.00
# Visual Studio Version 17
VisualStudioVersion = 17.4.33213.308
MinimumVisualStudioVersion = 10.0.40219.1
Project("{FAE04EC0-301F-11D3-BF4B-00C04F79EFBC}") = "MARATHON SKILLS", "MARATHON SKILLS\MARATHON SKILLS.csproj", "{3DDE5921-ECBA-4580-8446-B6EC85CCF607}"
EndProject
Global
	GlobalSection(SolutionConfigurationPlatforms) = preSolution
		Debug|Any CPU = Debug|Any CPU
		Release|Any CPU = Release|Any CPU
	EndGlobalSection
	GlobalSection(ProjectConfigurationPlatforms) = postSolution
		{3DDE5921-ECBA-4580-8446-B6EC85CCF607}.Debug|Any CPU.ActiveCfg = Debug|Any CPU
		{3DDE5921-ECBA-4580-8446-B6EC85CCF607}.Debug|Any CPU.Build.0 = Debug|Any CPU
		{3DDE5921-ECBA-4580-8446-B6EC85CCF607}.Release|Any CPU.ActiveCfg = Release|Any CPU
		{3DDE5921-ECBA-4580-8446-B6EC85CCF607}.Release|Any CPU.Build.0 = Release|Any CPU
	EndGlobalSection
	GlobalSection(SolutionProperties) = preSolution
		HideSolutionNode = FALSE
	EndGlobalSection
	GlobalSection(ExtensibilityGlobals) = postSolution
		SolutionGuid = {56491DE3-73D9-4EA5-BA93-2890D7D4601F}
	EndGlobalSection
EndGlobal
