
Microsoft Visual Studio Solution File, Format Version 12.00
# Visual Studio Version 17
VisualStudioVersion = 17.4.33213.308
MinimumVisualStudioVersion = 10.0.40219.1
Project("{FAE04EC0-301F-11D3-BF4B-00C04F79EFBC}") = "pr5(2)", "pr5(2)\pr5(2).csproj", "{B08C271A-013A-410F-B906-664F506DC5FD}"
EndProject
Global
	GlobalSection(SolutionConfigurationPlatforms) = preSolution
		Debug|Any CPU = Debug|Any CPU
		Release|Any CPU = Release|Any CPU
	EndGlobalSection
	GlobalSection(ProjectConfigurationPlatforms) = postSolution
		{B08C271A-013A-410F-B906-664F506DC5FD}.Debug|Any CPU.ActiveCfg = Debug|Any CPU
		{B08C271A-013A-410F-B906-664F506DC5FD}.Debug|Any CPU.Build.0 = Debug|Any CPU
		{B08C271A-013A-410F-B906-664F506DC5FD}.Release|Any CPU.ActiveCfg = Release|Any CPU
		{B08C271A-013A-410F-B906-664F506DC5FD}.Release|Any CPU.Build.0 = Release|Any CPU
	EndGlobalSection
	GlobalSection(SolutionProperties) = preSolution
		HideSolutionNode = FALSE
	EndGlobalSection
	GlobalSection(ExtensibilityGlobals) = postSolution
		SolutionGuid = {59F5CF67-6729-4FEC-8184-58AAFE1DD558}
	EndGlobalSection
EndGlobal
