
Microsoft Visual Studio Solution File, Format Version 12.00
# Visual Studio Version 17
VisualStudioVersion = 17.4.33213.308
MinimumVisualStudioVersion = 10.0.40219.1
Project("{FAE04EC0-301F-11D3-BF4B-00C04F79EFBC}") = "pr5(1)", "pr5(1)\pr5(1).csproj", "{BD340FFE-7288-4778-9142-2C2700752443}"
EndProject
Global
	GlobalSection(SolutionConfigurationPlatforms) = preSolution
		Debug|Any CPU = Debug|Any CPU
		Release|Any CPU = Release|Any CPU
	EndGlobalSection
	GlobalSection(ProjectConfigurationPlatforms) = postSolution
		{BD340FFE-7288-4778-9142-2C2700752443}.Debug|Any CPU.ActiveCfg = Debug|Any CPU
		{BD340FFE-7288-4778-9142-2C2700752443}.Debug|Any CPU.Build.0 = Debug|Any CPU
		{BD340FFE-7288-4778-9142-2C2700752443}.Release|Any CPU.ActiveCfg = Release|Any CPU
		{BD340FFE-7288-4778-9142-2C2700752443}.Release|Any CPU.Build.0 = Release|Any CPU
	EndGlobalSection
	GlobalSection(SolutionProperties) = preSolution
		HideSolutionNode = FALSE
	EndGlobalSection
	GlobalSection(ExtensibilityGlobals) = postSolution
		SolutionGuid = {AE069F62-0206-465F-A66C-F9618B1E7E4D}
	EndGlobalSection
EndGlobal
